{
    "name": "matomo-code-search",
    "version": "1.0.0",
    "lockfileVersion": 1,
    "requires": true,
    "dependencies": {
        "angular": {
            "version": "1.6.8",
            "resolved": "https://registry.npmjs.org/angular/-/angular-1.6.8.tgz",
            "integrity": "sha512-9WErZIOw1Cu1V5Yxdvxz/6YpND8ntdP71fdPpufPFJvZodZXqCjQBYrHqEoMZreO5i84O3D/Jw/vepoFt68Azw=="
        },
        "angular-highlightjs": {
            "version": "0.7.1",
            "resolved": "https://registry.npmjs.org/angular-highlightjs/-/angular-highlightjs-0.7.1.tgz",
            "integrity": "sha1-1+Dh9Z203mPwBXMhimRypZ/xg/Q=",
            "requires": {
                "angular": "1.6.8",
                "highlight.js": "9.12.0"
            }
        },
        "angular-sanitize": {
            "version": "1.6.8",
            "resolved": "https://registry.npmjs.org/angular-sanitize/-/angular-sanitize-1.6.8.tgz",
            "integrity": "sha512-XUYxWgPwwT+DGIMzmMBMSwJbYt5g6yMiu5Pq2GIW9EuO+PBNhL4xAf8qU7b2HfH/PwM4VY5NpIa25EoKDdgXAA=="
        },
        "bootstrap": {
            "version": "4.0.0-beta.3",
            "resolved": "https://registry.npmjs.org/bootstrap/-/bootstrap-4.0.0-beta.3.tgz",
            "integrity": "sha512-/Qe1Q2d1muLEZRX2iCteMQHZBBAm6ZIjJ9FcBYK/xLr05+HvDtBOVBN+Cz7mCNZuy0zr+y5artZHM05W7mIz6g=="
        },
        "highlight.js": {
            "version": "9.12.0",
            "resolved": "https://registry.npmjs.org/highlight.js/-/highlight.js-9.12.0.tgz",
            "integrity": "sha1-5tnb5Xy+/mB1HwKvM2GVhwyQwB4="
        }
    }
}
